
Microsoft Visual Studio Solution File, Format Version 12.00
# Visual Studio Version 16
VisualStudioVersion = 16.0.29102.190
MinimumVisualStudioVersion = 10.0.40219.1
Project("{FAE04EC0-301F-11D3-BF4B-00C04F79EFBC}") = "ContosoUniversity", "ContosoUniversity\ContosoUniversity.csproj", "{A5A64CB4-30BB-49A1-B2CF-028FA0BE971B}"
EndProject
Global
	GlobalSection(SolutionConfigurationPlatforms) = preSolution
		Debug|Any CPU = Debug|Any CPU
		Release|Any CPU = Release|Any CPU
	EndGlobalSection
	GlobalSection(ProjectConfigurationPlatforms) = postSolution
		{A5A64CB4-30BB-49A1-B2CF-028FA0BE971B}.Debug|Any CPU.ActiveCfg = Debug|Any CPU
		{A5A64CB4-30BB-49A1-B2CF-028FA0BE971B}.Debug|Any CPU.Build.0 = Debug|Any CPU
		{A5A64CB4-30BB-49A1-B2CF-028FA0BE971B}.Release|Any CPU.ActiveCfg = Release|Any CPU
		{A5A64CB4-30BB-49A1-B2CF-028FA0BE971B}.Release|Any CPU.Build.0 = Release|Any CPU
	EndGlobalSection
	GlobalSection(SolutionProperties) = preSolution
		HideSolutionNode = FALSE
	EndGlobalSection
	GlobalSection(ExtensibilityGlobals) = postSolution
		SolutionGuid = {42D36F9F-E735-4C7C-B83A-7CBEBA85916B}
	EndGlobalSection
EndGlobal
